// !$*UTF8*$!
{
	archiveVersion = 1;
	classes = {
	};
	objectVersion = 46;
	objects = {

/* Begin PBXBuildFile section */
		325DC9631BD6355700CF5004 /* main.m in Sources */ = {isa = PBXBuildFile; fileRef = 325DC9621BD6355700CF5004 /* main.m */; };
		325DC9661BD6355700CF5004 /* AppDelegate.m in Sources */ = {isa = PBXBuildFile; fileRef = 325DC9651BD6355700CF5004 /* AppDelegate.m */; };
		325DC9691BD6355700CF5004 /* ViewController.m in Sources */ = {isa = PBXBuildFile; fileRef = 325DC9681BD6355700CF5004 /* ViewController.m */; };
		325DC96C1BD6355700CF5004 /* Main.storyboard in Resources */ = {isa = PBXBuildFile; fileRef = 325DC96A1BD6355700CF5004 /* Main.storyboard */; };
		325DC96E1BD6355700CF5004 /* Assets.xcassets in Resources */ = {isa = PBXBuildFile; fileRef = 325DC96D1BD6355700CF5004 /* Assets.xcassets */; };
		325DC9711BD6355700CF5004 /* LaunchScreen.storyboard in Resources */ = {isa = PBXBuildFile; fileRef = 325DC96F1BD6355700CF5004 /* LaunchScreen.storyboard */; };
		325DC97C1BD6355700CF5004 /* WGTextUITests.m in Sources */ = {isa = PBXBuildFile; fileRef = 325DC97B1BD6355700CF5004 /* WGTextUITests.m */; };
		325DC98B1BD6357800CF5004 /* ZBJTextField.m in Sources */ = {isa = PBXBuildFile; fileRef = 325DC9881BD6357800CF5004 /* ZBJTextField.m */; settings = {ASSET_TAGS = (); }; };
		325DC98C1BD6357800CF5004 /* ZBJTextView.m in Sources */ = {isa = PBXBuildFile; fileRef = 325DC98A1BD6357800CF5004 /* ZBJTextView.m */; settings = {ASSET_TAGS = (); }; };
		327B45B91BDA2CB700AC4540 /* NSString+Length.m in Sources */ = {isa = PBXBuildFile; fileRef = 327B45B81BDA2CB700AC4540 /* NSString+Length.m */; settings = {ASSET_TAGS = (); }; };
/* End PBXBuildFile section */

/* Begin PBXContainerItemProxy section */
		325DC9781BD6355700CF5004 /* PBXContainerItemProxy */ = {
			isa = PBXContainerItemProxy;
			containerPortal = 325DC9561BD6355600CF5004 /* Project object */;
			proxyType = 1;
			remoteGlobalIDString = 325DC95D1BD6355700CF5004;
			remoteInfo = WGText;
		};
/* End PBXContainerItemProxy section */

/* Begin PBXFileReference section */
		325DC95E1BD6355700CF5004 /* WGText.app */ = {isa = PBXFileReference; explicitFileType = wrapper.application; includeInIndex = 0; path = WGText.app; sourceTree = BUILT_PRODUCTS_DIR; };
		325DC9621BD6355700CF5004 /* main.m */ = {isa = PBXFileReference; lastKnownFileType = sourcecode.c.objc; path = main.m; sourceTree = "<group>"; };
		325DC9641BD6355700CF5004 /* AppDelegate.h */ = {isa = PBXFileReference; lastKnownFileType = sourcecode.c.h; path = AppDelegate.h; sourceTree = "<group>"; };
		325DC9651BD6355700CF5004 /* AppDelegate.m */ = {isa = PBXFileReference; lastKnownFileType = sourcecode.c.objc; path = AppDelegate.m; sourceTree = "<group>"; };
		325DC9671BD6355700CF5004 /* ViewController.h */ = {isa = PBXFileReference; lastKnownFileType = sourcecode.c.h; path = ViewController.h; sourceTree = "<group>"; };
		325DC9681BD6355700CF5004 /* ViewController.m */ = {isa = PBXFileReference; lastKnownFileType = sourcecode.c.objc; path = ViewController.m; sourceTree = "<group>"; };
		325DC96B1BD6355700CF5004 /* Base */ = {isa = PBXFileReference; lastKnownFileType = file.storyboard; name = Base; path = Base.lproj/Main.storyboard; sourceTree = "<group>"; };
		325DC96D1BD6355700CF5004 /* Assets.xcassets */ = {isa = PBXFileReference; lastKnownFileType = folder.assetcatalog; path = Assets.xcassets; sourceTree = "<group>"; };
		325DC9701BD6355700CF5004 /* Base */ = {isa = PBXFileReference; lastKnownFileType = file.storyboard; name = Base; path = Base.lproj/LaunchScreen.storyboard; sourceTree = "<group>"; };
		325DC9721BD6355700CF5004 /* Info.plist */ = {isa = PBXFileReference; lastKnownFileType = text.plist.xml; path = Info.plist; sourceTree = "<group>"; };
		325DC9771BD6355700CF5004 /* WGTextUITests.xctest */ = {isa = PBXFileReference; explicitFileType = wrapper.cfbundle; includeInIndex = 0; path = WGTextUITests.xctest; sourceTree = BUILT_PRODUCTS_DIR; };
		325DC97B1BD6355700CF5004 /* WGTextUITests.m */ = {isa = PBXFileReference; lastKnownFileType = sourcecode.c.objc; path = WGTextUITests.m; sourceTree = "<group>"; };
		325DC97D1BD6355700CF5004 /* Info.plist */ = {isa = PBXFileReference; lastKnownFileType = text.plist.xml; path = Info.plist; sourceTree = "<group>"; };
		325DC9871BD6357800CF5004 /* ZBJTextField.h */ = {isa = PBXFileReference; fileEncoding = 4; lastKnownFileType = sourcecode.c.h; path = ZBJTextField.h; sourceTree = "<group>"; };
		325DC9881BD6357800CF5004 /* ZBJTextField.m */ = {isa = PBXFileReference; fileEncoding = 4; lastKnownFileType = sourcecode.c.objc; path = ZBJTextField.m; sourceTree = "<group>"; };
		325DC9891BD6357800CF5004 /* ZBJTextView.h */ = {isa = PBXFileReference; fileEncoding = 4; lastKnownFileType = sourcecode.c.h; path = ZBJTextView.h; sourceTree = "<group>"; };
		325DC98A1BD6357800CF5004 /* ZBJTextView.m */ = {isa = PBXFileReference; fileEncoding = 4; lastKnownFileType = sourcecode.c.objc; path = ZBJTextView.m; sourceTree = "<group>"; };
		327B45B71BDA2CB700AC4540 /* NSString+Length.h */ = {isa = PBXFileReference; fileEncoding = 4; lastKnownFileType = sourcecode.c.h; path = "NSString+Length.h"; sourceTree = "<group>"; };
		327B45B81BDA2CB700AC4540 /* NSString+Length.m */ = {isa = PBXFileReference; fileEncoding = 4; lastKnownFileType = sourcecode.c.objc; path = "NSString+Length.m"; sourceTree = "<group>"; };
/* End PBXFileReference section */

/* Begin PBXFrameworksBuildPhase section */
		325DC95B1BD6355700CF5004 /* Frameworks */ = {
			isa = PBXFrameworksBuildPhase;
			buildActionMask = 2147483647;
			files = (
			);
			runOnlyForDeploymentPostprocessing = 0;
		};
		325DC9741BD6355700CF5004 /* Frameworks */ = {
			isa = PBXFrameworksBuildPhase;
			buildActionMask = 2147483647;
			files = (
			);
			runOnlyForDeploymentPostprocessing = 0;
		};
/* End PBXFrameworksBuildPhase section */

/* Begin PBXGroup section */
		325DC9551BD6355600CF5004 = {
			isa = PBXGroup;
			children = (
				325DC9601BD6355700CF5004 /* WGText */,
				325DC97A1BD6355700CF5004 /* WGTextUITests */,
				325DC95F1BD6355700CF5004 /* Products */,
			);
			sourceTree = "<group>";
		};
		325DC95F1BD6355700CF5004 /* Products */ = {
			isa = PBXGroup;
			children = (
				325DC95E1BD6355700CF5004 /* WGText.app */,
				325DC9771BD6355700CF5004 /* WGTextUITests.xctest */,
			);
			name = Products;
			sourceTree = "<group>";
		};
		325DC9601BD6355700CF5004 /* WGText */ = {
			isa = PBXGroup;
			children = (
				325DC9861BD6357800CF5004 /* WGText */,
				325DC9641BD6355700CF5004 /* AppDelegate.h */,
				325DC9651BD6355700CF5004 /* AppDelegate.m */,
				325DC9671BD6355700CF5004 /* ViewController.h */,
				325DC9681BD6355700CF5004 /* ViewController.m */,
				325DC96A1BD6355700CF5004 /* Main.storyboard */,
				325DC96D1BD6355700CF5004 /* Assets.xcassets */,
				325DC96F1BD6355700CF5004 /* LaunchScreen.storyboard */,
				325DC9721BD6355700CF5004 /* Info.plist */,
				325DC9611BD6355700CF5004 /* Supporting Files */,
			);
			path = WGText;
			sourceTree = "<group>";
		};
		325DC9611BD6355700CF5004 /* Supporting Files */ = {
			isa = PBXGroup;
			children = (
				325DC9621BD6355700CF5004 /* main.m */,
			);
			name = "Supporting Files";
			sourceTree = "<group>";
		};
		325DC97A1BD6355700CF5004 /* WGTextUITests */ = {
			isa = PBXGroup;
			children = (
				325DC97B1BD6355700CF5004 /* WGTextUITests.m */,
				325DC97D1BD6355700CF5004 /* Info.plist */,
			);
			path = WGTextUITests;
			sourceTree = "<group>";
		};
		325DC9861BD6357800CF5004 /* WGText */ = {
			isa = PBXGroup;
			children = (
				327B45B71BDA2CB700AC4540 /* NSString+Length.h */,
				327B45B81BDA2CB700AC4540 /* NSString+Length.m */,
				325DC9871BD6357800CF5004 /* ZBJTextField.h */,
				325DC9881BD6357800CF5004 /* ZBJTextField.m */,
				325DC9891BD6357800CF5004 /* ZBJTextView.h */,
				325DC98A1BD6357800CF5004 /* ZBJTextView.m */,
			);
			path = WGText;
			sourceTree = "<group>";
		};
/* End PBXGroup section */

/* Begin PBXNativeTarget section */
		325DC95D1BD6355700CF5004 /* WGText */ = {
			isa = PBXNativeTarget;
			buildConfigurationList = 325DC9801BD6355700CF5004 /* Build configuration list for PBXNativeTarget "WGText" */;
			buildPhases = (
				325DC95A1BD6355700CF5004 /* Sources */,
				325DC95B1BD6355700CF5004 /* Frameworks */,
				325DC95C1BD6355700CF5004 /* Resources */,
			);
			buildRules = (
			);
			dependencies = (
			);
			name = WGText;
			productName = WGText;
			productReference = 325DC95E1BD6355700CF5004 /* WGText.app */;
			productType = "com.apple.product-type.application";
		};
		325DC9761BD6355700CF5004 /* WGTextUITests */ = {
			isa = PBXNativeTarget;
			buildConfigurationList = 325DC9831BD6355700CF5004 /* Build configuration list for PBXNativeTarget "WGTextUITests" */;
			buildPhases = (
				325DC9731BD6355700CF5004 /* Sources */,
				325DC9741BD6355700CF5004 /* Frameworks */,
				325DC9751BD6355700CF5004 /* Resources */,
			);
			buildRules = (
			);
			dependencies = (
				325DC9791BD6355700CF5004 /* PBXTargetDependency */,
			);
			name = WGTextUITests;
			productName = WGTextUITests;
			productReference = 325DC9771BD6355700CF5004 /* WGTextUITests.xctest */;
			productType = "com.apple.product-type.bundle.ui-testing";
		};
/* End PBXNativeTarget section */

/* Begin PBXProject section */
		325DC9561BD6355600CF5004 /* Project object */ = {
			isa = PBXProject;
			attributes = {
				LastUpgradeCheck = 0700;
				ORGANIZATIONNAME = "王刚";
				TargetAttributes = {
					325DC95D1BD6355700CF5004 = {
						CreatedOnToolsVersion = 7.0;
					};
					325DC9761BD6355700CF5004 = {
						CreatedOnToolsVersion = 7.0;
						TestTargetID = 325DC95D1BD6355700CF5004;
					};
				};
			};
			buildConfigurationList = 325DC9591BD6355600CF5004 /* Build configuration list for PBXProject "WGText" */;
			compatibilityVersion = "Xcode 3.2";
			developmentRegion = English;
			hasScannedForEncodings = 0;
			knownRegions = (
				en,
				Base,
			);
			mainGroup = 325DC9551BD6355600CF5004;
			productRefGroup = 325DC95F1BD6355700CF5004 /* Products */;
			projectDirPath = "";
			projectRoot = "";
			targets = (
				325DC95D1BD6355700CF5004 /* WGText */,
				325DC9761BD6355700CF5004 /* WGTextUITests */,
			);
		};
/* End PBXProject section */

/* Begin PBXResourcesBuildPhase section */
		325DC95C1BD6355700CF5004 /* Resources */ = {
			isa = PBXResourcesBuildPhase;
			buildActionMask = 2147483647;
			files = (
				325DC9711BD6355700CF5004 /* LaunchScreen.storyboard in Resources */,
				325DC96E1BD6355700CF5004 /* Assets.xcassets in Resources */,
				325DC96C1BD6355700CF5004 /* Main.storyboard in Resources */,
			);
			runOnlyForDeploymentPostprocessing = 0;
		};
		325DC9751BD6355700CF5004 /* Resources */ = {
			isa = PBXResourcesBuildPhase;
			buildActionMask = 2147483647;
			files = (
			);
			runOnlyForDeploymentPostprocessing = 0;
		};
/* End PBXResourcesBuildPhase section */

/* Begin PBXSourcesBuildPhase section */
		325DC95A1BD6355700CF5004 /* Sources */ = {
			isa = PBXSourcesBuildPhase;
			buildActionMask = 2147483647;
			files = (
				325DC98B1BD6357800CF5004 /* ZBJTextField.m in Sources */,
				325DC98C1BD6357800CF5004 /* ZBJTextView.m in Sources */,
				325DC9691BD6355700CF5004 /* ViewController.m in Sources */,
				327B45B91BDA2CB700AC4540 /* NSString+Length.m in Sources */,
				325DC9661BD6355700CF5004 /* AppDelegate.m in Sources */,
				325DC9631BD6355700CF5004 /* main.m in Sources */,
			);
			runOnlyForDeploymentPostprocessing = 0;
		};
		325DC9731BD6355700CF5004 /* Sources */ = {
			isa = PBXSourcesBuildPhase;
			buildActionMask = 2147483647;
			files = (
				325DC97C1BD6355700CF5004 /* WGTextUITests.m in Sources */,
			);
			runOnlyForDeploymentPostprocessing = 0;
		};
/* End PBXSourcesBuildPhase section */

/* Begin PBXTargetDependency section */
		325DC9791BD6355700CF5004 /* PBXTargetDependency */ = {
			isa = PBXTargetDependency;
			target = 325DC95D1BD6355700CF5004 /* WGText */;
			targetProxy = 325DC9781BD6355700CF5004 /* PBXContainerItemProxy */;
		};
/* End PBXTargetDependency section */

/* Begin PBXVariantGroup section */
		325DC96A1BD6355700CF5004 /* Main.storyboard */ = {
			isa = PBXVariantGroup;
			children = (
				325DC96B1BD6355700CF5004 /* Base */,
			);
			name = Main.storyboard;
			sourceTree = "<group>";
		};
		325DC96F1BD6355700CF5004 /* LaunchScreen.storyboard */ = {
			isa = PBXVariantGroup;
			children = (
				325DC9701BD6355700CF5004 /* Base */,
			);
			name = LaunchScreen.storyboard;
			sourceTree = "<group>";
		};
/* End PBXVariantGroup section */

/* Begin XCBuildConfiguration section */
		325DC97E1BD6355700CF5004 /* Debug */ = {
			isa = XCBuildConfiguration;
			buildSettings = {
				ALWAYS_SEARCH_USER_PATHS = NO;
				CLANG_CXX_LANGUAGE_STANDARD = "gnu++0x";
				CLANG_CXX_LIBRARY = "libc++";
				CLANG_ENABLE_MODULES = YES;
				CLANG_ENABLE_OBJC_ARC = YES;
				CLANG_WARN_BOOL_CONVERSION = YES;
				CLANG_WARN_CONSTANT_CONVERSION = YES;
				CLANG_WARN_DIRECT_OBJC_ISA_USAGE = YES_ERROR;
				CLANG_WARN_EMPTY_BODY = YES;
				CLANG_WARN_ENUM_CONVERSION = YES;
				CLANG_WARN_INT_CONVERSION = YES;
				CLANG_WARN_OBJC_ROOT_CLASS = YES_ERROR;
				CLANG_WARN_UNREACHABLE_CODE = YES;
				CLANG_WARN__DUPLICATE_METHOD_MATCH = YES;
				"CODE_SIGN_IDENTITY[sdk=iphoneos*]" = "iPhone Developer";
				COPY_PHASE_STRIP = NO;
				DEBUG_INFORMATION_FORMAT = dwarf;
				ENABLE_STRICT_OBJC_MSGSEND = YES;
				ENABLE_TESTABILITY = YES;
				GCC_C_LANGUAGE_STANDARD = gnu99;
				GCC_DYNAMIC_NO_PIC = NO;
				GCC_NO_COMMON_BLOCKS = YES;
				GCC_OPTIMIZATION_LEVEL = 0;
				GCC_PREPROCESSOR_DEFINITIONS = (
					"DEBUG=1",
					"$(inherited)",
				);
				GCC_WARN_64_TO_32_BIT_CONVERSION = YES;
				GCC_WARN_ABOUT_RETURN_TYPE = YES_ERROR;
				GCC_WARN_UNDECLARED_SELECTOR = YES;
				GCC_WARN_UNINITIALIZED_AUTOS = YES_AGGRESSIVE;
				GCC_WARN_UNUSED_FUNCTION = YES;
				GCC_WARN_UNUSED_VARIABLE = YES;
				IPHONEOS_DEPLOYMENT_TARGET = 9.0;
				MTL_ENABLE_DEBUG_INFO = YES;
				ONLY_ACTIVE_ARCH = YES;
				SDKROOT = iphoneos;
				TARGETED_DEVICE_FAMILY = "1,2";
			};
			name = Debug;
		};
		325DC97F1BD6355700CF5004 /* Release */ = {
			isa = XCBuildConfiguration;
			buildSettings = {
				ALWAYS_SEARCH_USER_PATHS = NO;
				CLANG_CXX_LANGUAGE_STANDARD = "gnu++0x";
				CLANG_CXX_LIBRARY = "libc++";
				CLANG_ENABLE_MODULES = YES;
				CLANG_ENABLE_OBJC_ARC = YES;
				CLANG_WARN_BOOL_CONVERSION = YES;
				CLANG_WARN_CONSTANT_CONVERSION = YES;
				CLANG_WARN_DIRECT_OBJC_ISA_USAGE = YES_ERROR;
				CLANG_WARN_EMPTY_BODY = YES;
				CLANG_WARN_ENUM_CONVERSION = YES;
				CLANG_WARN_INT_CONVERSION = YES;
				CLANG_WARN_OBJC_ROOT_CLASS = YES_ERROR;
				CLANG_WARN_UNREACHABLE_CODE = YES;
				CLANG_WARN__DUPLICATE_METHOD_MATCH = YES;
				"CODE_SIGN_IDENTITY[sdk=iphoneos*]" = "iPhone Developer";
				COPY_PHASE_STRIP = NO;
				DEBUG_INFORMATION_FORMAT = "dwarf-with-dsym";
				ENABLE_NS_ASSERTIONS = NO;
				ENABLE_STRICT_OBJC_MSGSEND = YES;
				GCC_C_LANGUAGE_STANDARD = gnu99;
				GCC_NO_COMMON_BLOCKS = YES;
				GCC_WARN_64_TO_32_BIT_CONVERSION = YES;
				GCC_WARN_ABOUT_RETURN_TYPE = YES_ERROR;
				GCC_WARN_UNDECLARED_SELECTOR = YES;
				GCC_WARN_UNINITIALIZED_AUTOS = YES_AGGRESSIVE;
				GCC_WARN_UNUSED_FUNCTION = YES;
				GCC_WARN_UNUSED_VARIABLE = YES;
				IPHONEOS_DEPLOYMENT_TARGET = 9.0;
				MTL_ENABLE_DEBUG_INFO = NO;
				SDKROOT = iphoneos;
				TARGETED_DEVICE_FAMILY = "1,2";
				VALIDATE_PRODUCT = YES;
			};
			name = Release;
		};
		325DC9811BD6355700CF5004 /* Debug */ = {
			isa = XCBuildConfiguration;
			buildSettings = {
				ASSETCATALOG_COMPILER_APPICON_NAME = AppIcon;
				INFOPLIST_FILE = WGText/Info.plist;
				IPHONEOS_DEPLOYMENT_TARGET = 7.0;
				LD_RUNPATH_SEARCH_PATHS = "$(inherited) @executable_path/Frameworks";
				PRODUCT_BUNDLE_IDENTIFIER = info.wwwlife.WGText;
				PRODUCT_NAME = "$(TARGET_NAME)";
			};
			name = Debug;
		};
		325DC9821BD6355700CF5004 /* Release */ = {
			isa = XCBuildConfiguration;
			buildSettings = {
				ASSETCATALOG_COMPILER_APPICON_NAME = AppIcon;
				INFOPLIST_FILE = WGText/Info.plist;
				IPHONEOS_DEPLOYMENT_TARGET = 7.0;
				LD_RUNPATH_SEARCH_PATHS = "$(inherited) @executable_path/Frameworks";
				PRODUCT_BUNDLE_IDENTIFIER = info.wwwlife.WGText;
				PRODUCT_NAME = "$(TARGET_NAME)";
			};
			name = Release;
		};
		325DC9841BD6355700CF5004 /* Debug */ = {
			isa = XCBuildConfiguration;
			buildSettings = {
				INFOPLIST_FILE = WGTextUITests/Info.plist;
				LD_RUNPATH_SEARCH_PATHS = "$(inherited) @executable_path/Frameworks @loader_path/Frameworks";
				PRODUCT_BUNDLE_IDENTIFIER = info.wwwlife.WGTextUITests;
				PRODUCT_NAME = "$(TARGET_NAME)";
				TEST_TARGET_NAME = WGText;
				USES_XCTRUNNER = YES;
			};
			name = Debug;
		};
		325DC9851BD6355700CF5004 /* Release */ = {
			isa = XCBuildConfiguration;
			buildSettings = {
				INFOPLIST_FILE = WGTextUITests/Info.plist;
				LD_RUNPATH_SEARCH_PATHS = "$(inherited) @executable_path/Frameworks @loader_path/Frameworks";
				PRODUCT_BUNDLE_IDENTIFIER = info.wwwlife.WGTextUITests;
				PRODUCT_NAME = "$(TARGET_NAME)";
				TEST_TARGET_NAME = WGText;
				USES_XCTRUNNER = YES;
			};
			name = Release;
		};
/* End XCBuildConfiguration section */

/* Begin XCConfigurationList section */
		325DC9591BD6355600CF5004 /* Build configuration list for PBXProject "WGText" */ = {
			isa = XCConfigurationList;
			buildConfigurations = (
				325DC97E1BD6355700CF5004 /* Debug */,
				325DC97F1BD6355700CF5004 /* Release */,
			);
			defaultConfigurationIsVisible = 0;
			defaultConfigurationName = Release;
		};
		325DC9801BD6355700CF5004 /* Build configuration list for PBXNativeTarget "WGText" */ = {
			isa = XCConfigurationList;
			buildConfigurations = (
				325DC9811BD6355700CF5004 /* Debug */,
				325DC9821BD6355700CF5004 /* Release */,
			);
			defaultConfigurationIsVisible = 0;
			defaultConfigurationName = Release;
		};
		325DC9831BD6355700CF5004 /* Build configuration list for PBXNativeTarget "WGTextUITests" */ = {
			isa = XCConfigurationList;
			buildConfigurations = (
				325DC9841BD6355700CF5004 /* Debug */,
				325DC9851BD6355700CF5004 /* Release */,
			);
			defaultConfigurationIsVisible = 0;
			defaultConfigurationName = Release;
		};
/* End XCConfigurationList section */
	};
	rootObject = 325DC9561BD6355600CF5004 /* Project object */;
}
